lockfileVersion: '9.0'

settings:
  autoInstallPeers: true
  excludeLinksFromLockfile: false

importers:

  .:
    devDependencies:
      '@types/node':
        specifier: 24.13.3
        version: 24.13.3
      prettier:
        specifier: 3.9.5
        version: 3.9.5

packages:

  '@types/node@24.13.3':
    resolution: {integrity: sha512-Dh8vAsV36ig5wa9OX4pXvMc9D3Veibfw2wix0CUwYODLD8nkj9UsLjASr49nPg+2eKzxhBV+v7L8pXvT4e639Q==}

  prettier@3.9.5:
    resolution: {integrity: sha512-/FVl766LpUfB5vXgCYOYa0MeV/441Ia99AeICQIQFTY/Nw0roZwULcXpku5i1/m5kt/baz+s4Zogspd839HSMg==}
    engines: {node: '>=14'}
    hasBin: true

  undici-types@7.18.2:
    resolution: {integrity: sha512-AsuCzffGHJybSaRrmr5eHr81mwJU3kjw6M+uprWvCXiNeN9SOGwQ3Jn8jb8m3Z6izVgknn1R0FTCEAP2QrLY/w==}

snapshots:

  '@types/node@24.13.3':
    dependencies:
      undici-types: 7.18.2

  prettier@3.9.5: {}

  undici-types@7.18.2: {}
