lockfileVersion: '9.0'

settings:
  autoInstallPeers: false
  excludeLinksFromLockfile: false

importers:

  .:
    devDependencies:
      '@types/node':
        specifier: 22.15.34
        version: 22.15.34
      prettier:
        specifier: 3.6.2
        version: 3.6.2

packages:

  '@types/node@22.15.34':
    resolution: {integrity: sha512-8Y6E5WUupYy1Dd0II32BsWAx5MWdcnRd8L84Oys3veg1YrYtNtzgO4CFhiBg6MDSjk7Ay36HYOnU7/tuOzIzcw==}

  prettier@3.6.2:
    resolution: {integrity: sha512-I7AIg5boAr5R0FFtJ6rCfD+LFsWHp81dolrFD8S79U9tb8Az2nGrJncnMSnys+bpQJfRUzqs9hnA81OAA3hCuQ==}
    engines: {node: '>=14'}
    hasBin: true

  undici-types@6.21.0:
    resolution: {integrity: sha512-iwDZqg0QAGrg9Rav5H4n0M64c3mkR59cJ6wQp+7C4nI0gsmExaedaYLNO44eT4AtBBwjbTiGPMlt2Md0T9H9JQ==}

snapshots:

  '@types/node@22.15.34':
    dependencies:
      undici-types: 6.21.0

  prettier@3.6.2: {}

  undici-types@6.21.0: {}
